
Microsoft Visual Studio Solution File, Format Version 12.00
# Visual Studio Version 16
VisualStudioVersion = 16.0.31515.178
MinimumVisualStudioVersion = 10.0.40219.1
Project("{FAE04EC0-301F-11D3-BF4B-00C04F79EFBC}") = "inlock_manha_webAPI", "inlock_manha_webAPI\inlock_manha_webAPI.csproj", "{43ADAE62-CB33-47CA-9671-AE93FFBE7C51}"
EndProject
Global
	GlobalSection(SolutionConfigurationPlatforms) = preSolution
		Debug|Any CPU = Debug|Any CPU
		Release|Any CPU = Release|Any CPU
	EndGlobalSection
	GlobalSection(ProjectConfigurationPlatforms) = postSolution
		{43ADAE62-CB33-47CA-9671-AE93FFBE7C51}.Debug|Any CPU.ActiveCfg = Debug|Any CPU
		{43ADAE62-CB33-47CA-9671-AE93FFBE7C51}.Debug|Any CPU.Build.0 = Debug|Any CPU
		{43ADAE62-CB33-47CA-9671-AE93FFBE7C51}.Release|Any CPU.ActiveCfg = Release|Any CPU
		{43ADAE62-CB33-47CA-9671-AE93FFBE7C51}.Release|Any CPU.Build.0 = Release|Any CPU
	EndGlobalSection
	GlobalSection(SolutionProperties) = preSolution
		HideSolutionNode = FALSE
	EndGlobalSection
	GlobalSection(ExtensibilityGlobals) = postSolution
		SolutionGuid = {F266B26C-B31C-4E48-B06B-622DA41438D3}
	EndGlobalSection
EndGlobal
